{
    "name": "com.apizee.hellortc",
    "version": "0.2.1",
    "lockfileVersion": 1,
    "requires": true,
    "dependencies": {
        "android-camera-permission": {
            "version": "1.0.0",
            "resolved": "https://registry.npmjs.org/android-camera-permission/-/android-camera-permission-1.0.0.tgz",
            "integrity": "sha1-gO6fW75Ee0k4+2DKVVQlB+z9mmQ="
        },
        "balanced-match": {
            "version": "1.0.0",
            "resolved": "https://registry.npmjs.org/balanced-match/-/balanced-match-1.0.0.tgz",
            "integrity": "sha1-ibTRmasr7kneFk6gK4nORi1xt2c="
        },
        "base64-js": {
            "version": "0.0.8",
            "resolved": "https://registry.npmjs.org/base64-js/-/base64-js-0.0.8.tgz",
            "integrity": "sha1-EQHpVE9KdrG8OybUUsqW16NeeXg="
        },
        "big-integer": {
            "version": "1.6.48",
            "resolved": "https://registry.npmjs.org/big-integer/-/big-integer-1.6.48.tgz",
            "integrity": "sha512-j51egjPa7/i+RdiRuJbPdJ2FIUYYPhvYLjzoYbcMMm62ooO6F94fETG4MTs46zPAF9Brs04OajboA/qTGuz78w=="
        },
        "bplist-creator": {
            "version": "0.0.4",
            "resolved": "https://registry.npmjs.org/bplist-creator/-/bplist-creator-0.0.4.tgz",
            "integrity": "sha1-SsBJZ4LhJ6hcHSAmpPXrIqev+ZE=",
            "requires": {
                "stream-buffers": "~0.2.3"
            }
        },
        "bplist-parser": {
            "version": "0.0.6",
            "resolved": "https://registry.npmjs.org/bplist-parser/-/bplist-parser-0.0.6.tgz",
            "integrity": "sha1-ONo0cYF9+dRKs4kuJ3B7u9daEbk="
        },
        "brace-expansion": {
            "version": "1.1.11",
            "resolved": "https://registry.npmjs.org/brace-expansion/-/brace-expansion-1.1.11.tgz",
            "integrity": "sha512-iCuPHDFgrHX7H2vEI/5xpz07zSHB00TpugqhmYtVmMO6518mCuRMoOYFldEBl0g187ufozdaHgWKcYFb61qGiA==",
            "requires": {
                "balanced-match": "^1.0.0",
                "concat-map": "0.0.1"
            }
        },
        "colors": {
            "version": "1.4.0",
            "resolved": "https://registry.npmjs.org/colors/-/colors-1.4.0.tgz",
            "integrity": "sha512-a+UqTh4kgZg/SlGvfbzDHpgRu7AAQOmmqRHJnxhRZICKFUT91brVhNNt58CMWU9PsBbv3PDCZUHbVxuDiH2mtA=="
        },
        "concat-map": {
            "version": "0.0.1",
            "resolved": "https://registry.npmjs.org/concat-map/-/concat-map-0.0.1.tgz",
            "integrity": "sha1-2Klr13/Wjfd5OnMDajug1UBdR3s="
        },
        "cordova-android": {
            "version": "6.4.0",
            "resolved": "https://registry.npmjs.org/cordova-android/-/cordova-android-6.4.0.tgz",
            "integrity": "sha1-VK6NpXKKjX5e/MYXLT3MoXvH/n0=",
            "requires": {
                "android-versions": "^1.2.1",
                "cordova-common": "^2.1.0",
                "elementtree": "0.1.6",
                "nopt": "^3.0.1",
                "properties-parser": "^0.2.3",
                "q": "^1.4.1",
                "shelljs": "^0.5.3"
            },
            "dependencies": {
                "abbrev": {
                    "version": "1.1.0",
                    "resolved": false,
                    "integrity": "sha1-0FVMIlZjbi9W58LlrRg/hZQo2B8="
                },
                "android-versions": {
                    "version": "1.2.1",
                    "resolved": false,
                    "integrity": "sha1-P1C69pPnOlEsPFQDVCKRzq2QAGM="
                },
                "ansi": {
                    "version": "0.3.1",
                    "resolved": false,
                    "integrity": "sha1-DELU+xcWDVqa8eSEus4cZpIsGyE="
                },
                "balanced-match": {
                    "version": "1.0.0",
                    "resolved": false,
                    "integrity": "sha1-ibTRmasr7kneFk6gK4nORi1xt2c="
                },
                "base64-js": {
                    "version": "0.0.8",
                    "resolved": false,
                    "integrity": "sha1-EQHpVE9KdrG8OybUUsqW16NeeXg="
                },
                "big-integer": {
                    "version": "1.6.25",
                    "resolved": false,
                    "integrity": "sha1-HeRan1dUKsIBIcaC+NZCIgo06CM="
                },
                "bplist-parser": {
                    "version": "0.1.1",
                    "resolved": false,
                    "integrity": "sha1-1g1dzCDLptx+HymbNdPh+V2vuuY=",
                    "requires": {
                        "big-integer": "^1.6.7"
                    }
                },
                "brace-expansion": {
                    "version": "1.1.8",
                    "resolved": false,
                    "integrity": "sha1-wHshHHyVLsH479Uad+8NHTmQopI=",
                    "requires": {
                        "balanced-match": "^1.0.0",
                        "concat-map": "0.0.1"
                    }
                },
                "concat-map": {
                    "version": "0.0.1",
                    "resolved": false,
                    "integrity": "sha1-2Klr13/Wjfd5OnMDajug1UBdR3s="
                },
                "cordova-common": {
                    "version": "2.1.0",
                    "resolved": false,
                    "integrity": "sha1-uzV+4bmCUDHtnbPFa1ku/pc9FkA=",
                    "requires": {
                        "ansi": "^0.3.1",
                        "bplist-parser": "^0.1.0",
                        "cordova-registry-mapper": "^1.1.8",
                        "elementtree": "0.1.6",
                        "glob": "^5.0.13",
                        "minimatch": "^3.0.0",
                        "osenv": "^0.1.3",
                        "plist": "^1.2.0",
                        "q": "^1.4.1",
                        "semver": "^5.0.1",
                        "shelljs": "^0.5.3",
                        "underscore": "^1.8.3",
                        "unorm": "^1.3.3"
                    }
                },
                "cordova-registry-mapper": {
                    "version": "1.1.15",
                    "resolved": false,
                    "integrity": "sha1-4kS5GFuBdUc7/2B5MkkFEV+D3Hw="
                },
                "elementtree": {
                    "version": "0.1.6",
                    "resolved": false,
                    "integrity": "sha1-KsTEbqMFFsjEy9teOsdBjlkt4gw=",
                    "requires": {
                        "sax": "0.3.5"
                    }
                },
                "glob": {
                    "version": "5.0.15",
                    "resolved": false,
                    "integrity": "sha1-G8k2ueAvSmA/zCIuz3Yz0wuLk7E=",
                    "requires": {
                        "inflight": "^1.0.4",
                        "inherits": "2",
                        "minimatch": "2 || 3",
                        "once": "^1.3.0",
                        "path-is-absolute": "^1.0.0"
                    }
                },
                "inflight": {
                    "version": "1.0.6",
                    "resolved": false,
                    "integrity": "sha1-Sb1jMdfQLQwJvJEKEHW6gWW1bfk=",
                    "requires": {
                        "once": "^1.3.0",
                        "wrappy": "1"
                    }
                },
                "inherits": {
                    "version": "2.0.3",
                    "resolved": false,
                    "integrity": "sha1-Yzwsg+PaQqUC9SRmAiSA9CCCYd4="
                },
                "lodash": {
                    "version": "3.10.1",
                    "resolved": false,
                    "integrity": "sha1-W/Rejkm6QYnhfUgnid/RW9FAt7Y="
                },
                "minimatch": {
                    "version": "3.0.4",
                    "resolved": false,
                    "integrity": "sha1-UWbihkV/AzBgZL5Ul+jbsMPTIIM=",
                    "requires": {
                        "brace-expansion": "^1.1.7"
                    }
                },
                "nopt": {
                    "version": "3.0.6",
                    "resolved": false,
                    "integrity": "sha1-xkZdvwirzU2zWTF/eaxopkayj/k=",
                    "requires": {
                        "abbrev": "1"
                    }
                },
                "once": {
                    "version": "1.4.0",
                    "resolved": false,
                    "integrity": "sha1-WDsap3WWHUsROsF9nFC6753Xa9E=",
                    "requires": {
                        "wrappy": "1"
                    }
                },
                "os-homedir": {
                    "version": "1.0.2",
                    "resolved": false,
                    "integrity": "sha1-/7xJiDNuDoM94MFox+8VISGqf7M="
                },
                "os-tmpdir": {
                    "version": "1.0.2",
                    "resolved": false,
                    "integrity": "sha1-u+Z0BseaqFxc/sdm/lc0VV36EnQ="
                },
                "osenv": {
                    "version": "0.1.4",
                    "resolved": false,
                    "integrity": "sha1-Qv5tWVPfBsgGS+bxdsPQWqqjRkQ=",
                    "requires": {
                        "os-homedir": "^1.0.0",
                        "os-tmpdir": "^1.0.0"
                    }
                },
                "path-is-absolute": {
                    "version": "1.0.1",
                    "resolved": false,
                    "integrity": "sha1-F0uSaHNVNP+8es5r9TpanhtcX18="
                },
                "plist": {
                    "version": "1.2.0",
                    "resolved": false,
                    "integrity": "sha1-CEtQk93JJQbiWfh0uNmxr7jHlZM=",
                    "requires": {
                        "base64-js": "0.0.8",
                        "util-deprecate": "1.0.2",
                        "xmlbuilder": "4.0.0",
                        "xmldom": "0.1.x"
                    }
                },
                "properties-parser": {
                    "version": "0.2.3",
                    "resolved": false,
                    "integrity": "sha1-91kSVfcHq7/yJ8e1a2N9uwNzoQ8="
                },
                "q": {
                    "version": "1.5.0",
                    "resolved": false,
                    "integrity": "sha1-3QG6ydBtMObyGa7LglPunr3DCPE="
                },
                "sax": {
                    "version": "0.3.5",
                    "resolved": false,
                    "integrity": "sha1-iPz8H3PAyLvVt8d2ttPzUB7tBz0="
                },
                "semver": {
                    "version": "5.4.1",
                    "resolved": false,
                    "integrity": "sha1-4FnAnYVx8FQII3M0M1BdOi8AsY4="
                },
                "shelljs": {
                    "version": "0.5.3",
                    "resolved": false,
                    "integrity": "sha1-xUmCuZbHbvDB5rWfvcWCX1txMRM="
                },
                "underscore": {
                    "version": "1.8.3",
                    "resolved": false,
                    "integrity": "sha1-Tz+1OxBuYJf8+ctBCfKl6b36UCI="
                },
                "unorm": {
                    "version": "1.4.1",
                    "resolved": false,
                    "integrity": "sha1-NkIA1fE2RsqLzURJAnEzVhR5IwA="
                },
                "util-deprecate": {
                    "version": "1.0.2",
                    "resolved": false,
                    "integrity": "sha1-RQ1Nyfpw3nMnYvvS1KKJgUGaDM8="
                },
                "wrappy": {
                    "version": "1.0.2",
                    "resolved": false,
                    "integrity": "sha1-tSQ9jz7BqjXxNkYFvA0QNuMKtp8="
                },
                "xmlbuilder": {
                    "version": "4.0.0",
                    "resolved": false,
                    "integrity": "sha1-mLj2UcowqmJANvEn0RzGbce5B6M=",
                    "requires": {
                        "lodash": "^3.5.0"
                    }
                },
                "xmldom": {
                    "version": "0.1.27",
                    "resolved": false,
                    "integrity": "sha1-1QH5ezvbQDr4757MIFcxh6rawOk="
                }
            }
        },
        "cordova-custom-config": {
            "version": "3.3.0",
            "resolved": "https://registry.npmjs.org/cordova-custom-config/-/cordova-custom-config-3.3.0.tgz",
            "integrity": "sha1-WK/aY9TeuMbUE7OM8L2alIrEBg0=",
            "requires": {
                "colors": "^1.1.2",
                "elementtree": "^0.1.6",
                "lodash": "^4.3.0",
                "plist": "^1.2.0",
                "shelljs": "^0.7.0",
                "tostr": "^0.1.0",
                "xcode": "^0.8.9"
            }
        },
        "cordova-ios": {
            "version": "4.5.5",
            "resolved": "https://registry.npmjs.org/cordova-ios/-/cordova-ios-4.5.5.tgz",
            "integrity": "sha512-3+30m2dZ2yii7kg+H7cgpdpkXpMj54zoX5imjGGG4Z7dPXKmalTLc/9rLq+Iaa+Q1BqyOrUFaHopWOODRU6vCg==",
            "requires": {
                "abbrev": "*",
                "ansi": "*",
                "balanced-match": "*",
                "base64-js": "1.2.0",
                "big-integer": "*",
                "bplist-creator": "*",
                "bplist-parser": "*",
                "brace-expansion": "*",
                "concat-map": "*",
                "cordova-common": "2.2.5",
                "cordova-registry-mapper": "*",
                "elementtree": "0.1.6",
                "glob": "5.0.15",
                "inflight": "*",
                "inherits": "*",
                "ios-sim": "6.1.3",
                "minimatch": "*",
                "nopt": "3.0.6",
                "once": "*",
                "path-is-absolute": "*",
                "plist": "2.1.0",
                "q": "1.5.1",
                "sax": "0.3.5",
                "shelljs": "0.5.3",
                "simctl": "*",
                "simple-plist": "0.2.1",
                "stream-buffers": "2.2.0",
                "tail": "0.4.0",
                "underscore": "*",
                "unorm": "*",
                "uuid": "3.0.1",
                "wrappy": "*",
                "xcode": "0.9.3",
                "xml-escape": "1.1.0",
                "xmlbuilder": "8.2.2",
                "xmldom": "*"
            },
            "dependencies": {
                "abbrev": {
                    "version": "1.1.1",
                    "bundled": true
                },
                "ansi": {
                    "version": "0.3.1",
                    "bundled": true
                },
                "balanced-match": {
                    "version": "1.0.0",
                    "bundled": true
                },
                "base64-js": {
                    "version": "1.2.0",
                    "bundled": true
                },
                "big-integer": {
                    "version": "1.6.32",
                    "bundled": true
                },
                "bplist-creator": {
                    "version": "0.0.7",
                    "bundled": true,
                    "requires": {
                        "stream-buffers": "~2.2.0"
                    }
                },
                "bplist-parser": {
                    "version": "0.1.1",
                    "bundled": true,
                    "requires": {
                        "big-integer": "^1.6.7"
                    }
                },
                "brace-expansion": {
                    "version": "1.1.11",
                    "bundled": true,
                    "requires": {
                        "balanced-match": "^1.0.0",
                        "concat-map": "0.0.1"
                    }
                },
                "concat-map": {
                    "version": "0.0.1",
                    "bundled": true
                },
                "cordova-common": {
                    "version": "2.2.5",
                    "bundled": true,
                    "requires": {
                        "ansi": "^0.3.1",
                        "bplist-parser": "^0.1.0",
                        "cordova-registry-mapper": "^1.1.8",
                        "elementtree": "0.1.6",
                        "glob": "^5.0.13",
                        "minimatch": "^3.0.0",
                        "plist": "^2.1.0",
                        "q": "^1.4.1",
                        "shelljs": "^0.5.3",
                        "underscore": "^1.8.3",
                        "unorm": "^1.3.3"
                    }
                },
                "cordova-registry-mapper": {
                    "version": "1.1.15",
                    "bundled": true
                },
                "elementtree": {
                    "version": "0.1.6",
                    "bundled": true,
                    "requires": {
                        "sax": "0.3.5"
                    }
                },
                "glob": {
                    "version": "5.0.15",
                    "bundled": true,
                    "requires": {
                        "inflight": "^1.0.4",
                        "inherits": "2",
                        "minimatch": "2 || 3",
                        "once": "^1.3.0",
                        "path-is-absolute": "^1.0.0"
                    }
                },
                "inflight": {
                    "version": "1.0.6",
                    "bundled": true,
                    "requires": {
                        "once": "^1.3.0",
                        "wrappy": "1"
                    }
                },
                "inherits": {
                    "version": "2.0.3",
                    "bundled": true
                },
                "ios-sim": {
                    "version": "6.1.3",
                    "bundled": true,
                    "requires": {
                        "bplist-parser": "^0.0.6",
                        "nopt": "1.0.9",
                        "plist": "^2.1.0",
                        "simctl": "^1.1.1"
                    },
                    "dependencies": {
                        "bplist-parser": {
                            "version": "0.0.6",
                            "bundled": true
                        },
                        "nopt": {
                            "version": "1.0.9",
                            "bundled": true,
                            "requires": {
                                "abbrev": "1"
                            }
                        }
                    }
                },
                "minimatch": {
                    "version": "3.0.4",
                    "bundled": true,
                    "requires": {
                        "brace-expansion": "^1.1.7"
                    }
                },
                "nopt": {
                    "version": "3.0.6",
                    "bundled": true,
                    "requires": {
                        "abbrev": "1"
                    }
                },
                "once": {
                    "version": "1.4.0",
                    "bundled": true,
                    "requires": {
                        "wrappy": "1"
                    }
                },
                "path-is-absolute": {
                    "version": "1.0.1",
                    "bundled": true
                },
                "pegjs": {
                    "version": "0.10.0",
                    "resolved": "http://registry.npmjs.org/pegjs/-/pegjs-0.10.0.tgz",
                    "integrity": "sha1-z4uvrm7d/0tafvsYUmnqr0YQ3b0="
                },
                "plist": {
                    "version": "2.1.0",
                    "bundled": true,
                    "requires": {
                        "base64-js": "1.2.0",
                        "xmlbuilder": "8.2.2",
                        "xmldom": "0.1.x"
                    }
                },
                "q": {
                    "version": "1.5.1",
                    "bundled": true
                },
                "sax": {
                    "version": "0.3.5",
                    "bundled": true
                },
                "shelljs": {
                    "version": "0.5.3",
                    "bundled": true
                },
                "simctl": {
                    "version": "1.1.1",
                    "bundled": true,
                    "requires": {
                        "shelljs": "^0.2.6",
                        "tail": "^0.4.0"
                    },
                    "dependencies": {
                        "shelljs": {
                            "version": "0.2.6",
                            "bundled": true
                        }
                    }
                },
                "simple-plist": {
                    "version": "0.2.1",
                    "bundled": true,
                    "requires": {
                        "bplist-creator": "0.0.7",
                        "bplist-parser": "0.1.1",
                        "plist": "2.0.1"
                    },
                    "dependencies": {
                        "base64-js": {
                            "version": "1.1.2",
                            "bundled": true
                        },
                        "plist": {
                            "version": "2.0.1",
                            "bundled": true,
                            "requires": {
                                "base64-js": "1.1.2",
                                "xmlbuilder": "8.2.2",
                                "xmldom": "0.1.x"
                            }
                        }
                    }
                },
                "stream-buffers": {
                    "version": "2.2.0",
                    "bundled": true
                },
                "tail": {
                    "version": "0.4.0",
                    "bundled": true
                },
                "underscore": {
                    "version": "1.9.1",
                    "bundled": true
                },
                "unorm": {
                    "version": "1.4.1",
                    "bundled": true
                },
                "uuid": {
                    "version": "3.0.1",
                    "bundled": true
                },
                "wrappy": {
                    "version": "1.0.2",
                    "bundled": true
                },
                "xcode": {
                    "version": "0.9.3",
                    "bundled": true,
                    "requires": {
                        "pegjs": "^0.10.0",
                        "simple-plist": "^0.2.1",
                        "uuid": "3.0.1"
                    }
                },
                "xml-escape": {
                    "version": "1.1.0",
                    "bundled": true
                },
                "xmlbuilder": {
                    "version": "8.2.2",
                    "bundled": true
                },
                "xmldom": {
                    "version": "0.1.27",
                    "bundled": true
                }
            }
        },
        "cordova-plugin-android-permissions": {
            "version": "0.10.0",
            "resolved": "https://registry.npmjs.org/cordova-plugin-android-permissions/-/cordova-plugin-android-permissions-0.10.0.tgz",
            "integrity": "sha1-xicm8ySMTGHR8ekkL5zbXr8KcRo="
        },
        "cordova-plugin-compat": {
            "version": "1.2.0",
            "resolved": "https://registry.npmjs.org/cordova-plugin-compat/-/cordova-plugin-compat-1.2.0.tgz",
            "integrity": "sha1-C8ZXVyduvZIMASzpIOJ0F3V2Nz4="
        },
        "cordova-plugin-console": {
            "version": "1.1.0",
            "resolved": "https://registry.npmjs.org/cordova-plugin-console/-/cordova-plugin-console-1.1.0.tgz",
            "integrity": "sha1-4vusECkBeeRMtyxf28QQpTHBzW0="
        },
        "cordova-plugin-device": {
            "version": "1.1.7",
            "resolved": "https://registry.npmjs.org/cordova-plugin-device/-/cordova-plugin-device-1.1.7.tgz",
            "integrity": "sha1-/JQRG+aTJijGaGiTjd89yCyfv+Y="
        },
        "cordova-plugin-file": {
            "version": "4.3.3",
            "resolved": "https://registry.npmjs.org/cordova-plugin-file/-/cordova-plugin-file-4.3.3.tgz",
            "integrity": "sha1-AS6Xqhr7kfhJFuY0G1SDZtI96bk="
        },
        "cordova-plugin-iosrtc": {
            "version": "6.0.11",
            "resolved": "https://registry.npmjs.org/cordova-plugin-iosrtc/-/cordova-plugin-iosrtc-6.0.11.tgz",
            "integrity": "sha512-NoQ92yAYoFoX63MrD2TNO8T27t/ILz1dE6ETWZKUscLASNfYwYcjTECjiLAG/8m8mpm9eq+KfRwIXs3Lqb0RuQ==",
            "requires": {
                "debug": "^4.1.1",
                "domready": "^1.0.8",
                "html-entities": "^1.2.1",
                "random-number": "^0.0.7",
                "xcode": "^2.0.0",
                "yaeti": "^1.0.2"
            },
            "dependencies": {
                "base64-js": {
                    "version": "1.3.1",
                    "resolved": "https://registry.npmjs.org/base64-js/-/base64-js-1.3.1.tgz",
                    "integrity": "sha512-mLQ4i2QO1ytvGWFWmcngKO//JXAQueZvwEKtjgQFM4jIK0kU+ytMfplL8j+n5mspOfjHwoAg+9yhb7BwAHm36g=="
                },
                "bplist-creator": {
                    "version": "0.0.8",
                    "resolved": "https://registry.npmjs.org/bplist-creator/-/bplist-creator-0.0.8.tgz",
                    "integrity": "sha512-Za9JKzD6fjLC16oX2wsXfc+qBEhJBJB1YPInoAQpMLhDuj5aVOv1baGeIQSq1Fr3OCqzvsoQcSBSwGId/Ja2PA==",
                    "requires": {
                        "stream-buffers": "~2.2.0"
                    }
                },
                "bplist-parser": {
                    "version": "0.2.0",
                    "resolved": "https://registry.npmjs.org/bplist-parser/-/bplist-parser-0.2.0.tgz",
                    "integrity": "sha512-z0M+byMThzQmD9NILRniCUXYsYpjwnlO8N5uCFaCqIOpqRsJCrQL9NK3JsD67CN5a08nF5oIL2bD6loTdHOuKw==",
                    "requires": {
                        "big-integer": "^1.6.44"
                    }
                },
                "plist": {
                    "version": "3.0.1",
                    "resolved": "https://registry.npmjs.org/plist/-/plist-3.0.1.tgz",
                    "integrity": "sha512-GpgvHHocGRyQm74b6FWEZZVRroHKE1I0/BTjAmySaohK+cUn+hZpbqXkc3KWgW3gQYkqcQej35FohcT0FRlkRQ==",
                    "requires": {
                        "base64-js": "^1.2.3",
                        "xmlbuilder": "^9.0.7",
                        "xmldom": "0.1.x"
                    }
                },
                "simple-plist": {
                    "version": "1.1.0",
                    "resolved": "https://registry.npmjs.org/simple-plist/-/simple-plist-1.1.0.tgz",
                    "integrity": "sha512-2i5Tc0BYAqppM7jVzmNrI+aEUntPolIq4fDgji6WuNNn1D/qYdn2KwoLhZdzQkE04lu9L5tUoeJsjuJAvd+lFg==",
                    "requires": {
                        "bplist-creator": "0.0.8",
                        "bplist-parser": "0.2.0",
                        "plist": "^3.0.1"
                    }
                },
                "stream-buffers": {
                    "version": "2.2.0",
                    "resolved": "https://registry.npmjs.org/stream-buffers/-/stream-buffers-2.2.0.tgz",
                    "integrity": "sha1-kdX1Ew0c75bc+n9yaUUYh0HQnuQ="
                },
                "uuid": {
                    "version": "3.4.0",
                    "resolved": "https://registry.npmjs.org/uuid/-/uuid-3.4.0.tgz",
                    "integrity": "sha512-HjSDRw6gZE5JMggctHBcjVak08+KEVhSIiDzFnT9S9aegmp85S/bReBVTb4QTFaRNptJ9kuYaNhnbNEOkbKb/A=="
                },
                "xcode": {
                    "version": "2.1.0",
                    "resolved": "https://registry.npmjs.org/xcode/-/xcode-2.1.0.tgz",
                    "integrity": "sha512-uCrmPITrqTEzhn0TtT57fJaNaw8YJs1aCzs+P/QqxsDbvPZSv7XMPPwXrKvHtD6pLjBM/NaVwraWJm8q83Y4iQ==",
                    "requires": {
                        "simple-plist": "^1.0.0",
                        "uuid": "^3.3.2"
                    }
                },
                "xmlbuilder": {
                    "version": "9.0.7",
                    "resolved": "https://registry.npmjs.org/xmlbuilder/-/xmlbuilder-9.0.7.tgz",
                    "integrity": "sha1-Ey7mPS7FVlxVfiD0wi35rKaGsQ0="
                }
            }
        },
        "cordova-plugin-media": {
            "version": "3.0.1",
            "resolved": "https://registry.npmjs.org/cordova-plugin-media/-/cordova-plugin-media-3.0.1.tgz",
            "integrity": "sha1-XkbnbPp31O0oqHWYywco5Ourbyc="
        },
        "cordova-plugin-whitelist": {
            "version": "1.3.4",
            "resolved": "https://registry.npmjs.org/cordova-plugin-whitelist/-/cordova-plugin-whitelist-1.3.4.tgz",
            "integrity": "sha512-EYC5eQFVkoYXq39l7tYKE6lEjHJ04mvTmKXxGL7quHLdFPfJMNzru/UYpn92AOfpl3PQaZmou78C7EgmFOwFQQ=="
        },
        "debug": {
            "version": "4.1.1",
            "resolved": "https://registry.npmjs.org/debug/-/debug-4.1.1.tgz",
            "integrity": "sha512-pYAIzeRo8J6KPEaJ0VWOh5Pzkbw/RetuzehGM7QRRX5he4fPHx2rdKMB256ehJCkX+XRQm16eZLqLNS8RSZXZw==",
            "requires": {
                "ms": "^2.1.1"
            }
        },
        "domready": {
            "version": "1.0.8",
            "resolved": "https://registry.npmjs.org/domready/-/domready-1.0.8.tgz",
            "integrity": "sha1-kfJS5Ze2Wvd+dFriTdAYXV4m1Yw="
        },
        "elementtree": {
            "version": "0.1.7",
            "resolved": "https://registry.npmjs.org/elementtree/-/elementtree-0.1.7.tgz",
            "integrity": "sha1-mskb5uUvtuYkTE5UpKw+2K6OKcA=",
            "requires": {
                "sax": "1.1.4"
            }
        },
        "fs.realpath": {
            "version": "1.0.0",
            "resolved": "https://registry.npmjs.org/fs.realpath/-/fs.realpath-1.0.0.tgz",
            "integrity": "sha1-FQStJSMVjKpA20onh8sBQRmU6k8="
        },
        "glob": {
            "version": "7.1.6",
            "resolved": "https://registry.npmjs.org/glob/-/glob-7.1.6.tgz",
            "integrity": "sha512-LwaxwyZ72Lk7vZINtNNrywX0ZuLyStrdDtabefZKAY5ZGJhVtgdznluResxNmPitE0SAO+O26sWTHeKSI2wMBA==",
            "requires": {
                "fs.realpath": "^1.0.0",
                "inflight": "^1.0.4",
                "inherits": "2",
                "minimatch": "^3.0.4",
                "once": "^1.3.0",
                "path-is-absolute": "^1.0.0"
            }
        },
        "html-entities": {
            "version": "1.3.1",
            "resolved": "https://registry.npmjs.org/html-entities/-/html-entities-1.3.1.tgz",
            "integrity": "sha512-rhE/4Z3hIhzHAUKbW8jVcCyuT5oJCXXqhN/6mXXVCpzTmvJnoH2HL/bt3EZ6p55jbFJBeAe1ZNpL5BugLujxNA=="
        },
        "inflight": {
            "version": "1.0.6",
            "resolved": "https://registry.npmjs.org/inflight/-/inflight-1.0.6.tgz",
            "integrity": "sha1-Sb1jMdfQLQwJvJEKEHW6gWW1bfk=",
            "requires": {
                "once": "^1.3.0",
                "wrappy": "1"
            }
        },
        "inherits": {
            "version": "2.0.4",
            "resolved": "https://registry.npmjs.org/inherits/-/inherits-2.0.4.tgz",
            "integrity": "sha512-k/vGaX4/Yla3WzyMCvTQOXYeIHvqOKtnqBduzTHpzpQZzAskKMhZ2K+EnBiSM9zGSoIFeMpXKxa4dYeZIQqewQ=="
        },
        "interpret": {
            "version": "1.2.0",
            "resolved": "https://registry.npmjs.org/interpret/-/interpret-1.2.0.tgz",
            "integrity": "sha512-mT34yGKMNceBQUoVn7iCDKDntA7SC6gycMAWzGx1z/CMCTV7b2AAtXlo3nRyHZ1FelRkQbQjprHSYGwzLtkVbw=="
        },
        "lodash": {
            "version": "4.17.15",
            "resolved": "https://registry.npmjs.org/lodash/-/lodash-4.17.15.tgz",
            "integrity": "sha512-8xOcRHvCjnocdS5cpwXQXVzmmh5e5+saE2QGoeQmbKmRS6J3VQppPOIt0MnmE+4xlZoumy0GPG0D0MVIQbNA1A=="
        },
        "minimatch": {
            "version": "3.0.4",
            "resolved": "https://registry.npmjs.org/minimatch/-/minimatch-3.0.4.tgz",
            "integrity": "sha512-yJHVQEhyqPLUTgt9B83PXu6W3rx4MvvHvSUvToogpwoGDOUQ+yDrR0HRot+yOCdCO7u4hX3pWft6kWBBcqh0UA==",
            "requires": {
                "brace-expansion": "^1.1.7"
            }
        },
        "ms": {
            "version": "2.1.2",
            "resolved": "https://registry.npmjs.org/ms/-/ms-2.1.2.tgz",
            "integrity": "sha512-sGkPx+VjMtmA6MX27oA4FBFELFCZZ4S4XqeGOXCv68tT+jb3vk/RyaKWP0PTKyWtmLSM0b+adUTEvbs1PEaH2w=="
        },
        "node-uuid": {
            "version": "1.4.7",
            "resolved": "https://registry.npmjs.org/node-uuid/-/node-uuid-1.4.7.tgz",
            "integrity": "sha1-baWhdmjEs91ZYjvaEc9/pMH2Cm8="
        },
        "once": {
            "version": "1.4.0",
            "resolved": "https://registry.npmjs.org/once/-/once-1.4.0.tgz",
            "integrity": "sha1-WDsap3WWHUsROsF9nFC6753Xa9E=",
            "requires": {
                "wrappy": "1"
            }
        },
        "path-is-absolute": {
            "version": "1.0.1",
            "resolved": "https://registry.npmjs.org/path-is-absolute/-/path-is-absolute-1.0.1.tgz",
            "integrity": "sha1-F0uSaHNVNP+8es5r9TpanhtcX18="
        },
        "path-parse": {
            "version": "1.0.6",
            "resolved": "https://registry.npmjs.org/path-parse/-/path-parse-1.0.6.tgz",
            "integrity": "sha512-GSmOT2EbHrINBf9SR7CDELwlJ8AENk3Qn7OikK4nFYAu3Ote2+JYNVvkpAEQm3/TLNEJFD/xZJjzyxg3KBWOzw=="
        },
        "pegjs": {
            "version": "0.9.0",
            "resolved": "http://registry.npmjs.org/pegjs/-/pegjs-0.9.0.tgz",
            "integrity": "sha1-9q76LjzlYWkgjlIXnf5B+JFBo2k="
        },
        "plist": {
            "version": "1.2.0",
            "resolved": "https://registry.npmjs.org/plist/-/plist-1.2.0.tgz",
            "integrity": "sha1-CEtQk93JJQbiWfh0uNmxr7jHlZM=",
            "requires": {
                "base64-js": "0.0.8",
                "util-deprecate": "1.0.2",
                "xmlbuilder": "4.0.0",
                "xmldom": "0.1.x"
            }
        },
        "random-number": {
            "version": "0.0.7",
            "resolved": "https://registry.npmjs.org/random-number/-/random-number-0.0.7.tgz",
            "integrity": "sha1-fWKxAK3pDxNCNarYwGotLfpc/0g="
        },
        "rechoir": {
            "version": "0.6.2",
            "resolved": "https://registry.npmjs.org/rechoir/-/rechoir-0.6.2.tgz",
            "integrity": "sha1-hSBLVNuoLVdC4oyWdW70OvUOM4Q=",
            "requires": {
                "resolve": "^1.1.6"
            }
        },
        "resolve": {
            "version": "1.12.2",
            "resolved": "https://registry.npmjs.org/resolve/-/resolve-1.12.2.tgz",
            "integrity": "sha512-cAVTI2VLHWYsGOirfeYVVQ7ZDejtQ9fp4YhYckWDEkFfqbVjaT11iM8k6xSAfGFMM+gDpZjMnFssPu8we+mqFw==",
            "requires": {
                "path-parse": "^1.0.6"
            }
        },
        "sax": {
            "version": "1.1.4",
            "resolved": "http://registry.npmjs.org/sax/-/sax-1.1.4.tgz",
            "integrity": "sha1-dLbTPJrh4AFRDxeakRaFiPGu2qk="
        },
        "shelljs": {
            "version": "0.7.8",
            "resolved": "https://registry.npmjs.org/shelljs/-/shelljs-0.7.8.tgz",
            "integrity": "sha1-3svPh0sNHl+3LhSxZKloMEjprLM=",
            "requires": {
                "glob": "^7.0.0",
                "interpret": "^1.0.0",
                "rechoir": "^0.6.2"
            }
        },
        "simple-plist": {
            "version": "0.1.4",
            "resolved": "https://registry.npmjs.org/simple-plist/-/simple-plist-0.1.4.tgz",
            "integrity": "sha1-EOtRtH4zxVbrjsRtXuZNZOcX210=",
            "requires": {
                "bplist-creator": "0.0.4",
                "bplist-parser": "0.0.6",
                "plist": "1.2.0"
            }
        },
        "stream-buffers": {
            "version": "0.2.6",
            "resolved": "https://registry.npmjs.org/stream-buffers/-/stream-buffers-0.2.6.tgz",
            "integrity": "sha1-GBwI1bs2kARfaUAbmuanoM8zE/w="
        },
        "tostr": {
            "version": "0.1.0",
            "resolved": "https://registry.npmjs.org/tostr/-/tostr-0.1.0.tgz",
            "integrity": "sha1-cjm6H6gHyBAMlTLNIxvwQat3lik="
        },
        "util-deprecate": {
            "version": "1.0.2",
            "resolved": "https://registry.npmjs.org/util-deprecate/-/util-deprecate-1.0.2.tgz",
            "integrity": "sha1-RQ1Nyfpw3nMnYvvS1KKJgUGaDM8="
        },
        "wrappy": {
            "version": "1.0.2",
            "resolved": "https://registry.npmjs.org/wrappy/-/wrappy-1.0.2.tgz",
            "integrity": "sha1-tSQ9jz7BqjXxNkYFvA0QNuMKtp8="
        },
        "xcode": {
            "version": "0.8.9",
            "resolved": "https://registry.npmjs.org/xcode/-/xcode-0.8.9.tgz",
            "integrity": "sha1-7Gdl9w6dzMzJ9umlubTn6BS0zzU=",
            "requires": {
                "node-uuid": "1.4.7",
                "pegjs": "0.9.0",
                "simple-plist": "0.1.4"
            }
        },
        "xmlbuilder": {
            "version": "4.0.0",
            "resolved": "https://registry.npmjs.org/xmlbuilder/-/xmlbuilder-4.0.0.tgz",
            "integrity": "sha1-mLj2UcowqmJANvEn0RzGbce5B6M=",
            "requires": {
                "lodash": "^3.5.0"
            },
            "dependencies": {
                "lodash": {
                    "version": "3.10.1",
                    "resolved": "http://registry.npmjs.org/lodash/-/lodash-3.10.1.tgz",
                    "integrity": "sha1-W/Rejkm6QYnhfUgnid/RW9FAt7Y="
                }
            }
        },
        "xmldom": {
            "version": "0.1.27",
            "resolved": "https://registry.npmjs.org/xmldom/-/xmldom-0.1.27.tgz",
            "integrity": "sha1-1QH5ezvbQDr4757MIFcxh6rawOk="
        },
        "yaeti": {
            "version": "1.0.2",
            "resolved": "https://registry.npmjs.org/yaeti/-/yaeti-1.0.2.tgz",
            "integrity": "sha512-sc1JByruVRqL6GYdIKbcvYw8PRmYeuwtSd376fM13DNE+JjBh37qIlKjCtqg9mKV2N2+xCfyil3Hd6BXN9W1uQ=="
        }
    }
}
